// !$*UTF8*$!
{
	archiveVersion = 1;
	classes = {
	};
	objectVersion = 46;
	objects = {

/* Begin PBXBuildFile section */
		8B4EF77018E1C612003EF0F2 /* Foundation.framework in Frameworks */ = {isa = PBXBuildFile; fileRef = 8B4EF76F18E1C612003EF0F2 /* Foundation.framework */; };
		8B4EF77218E1C612003EF0F2 /* CoreGraphics.framework in Frameworks */ = {isa = PBXBuildFile; fileRef = 8B4EF77118E1C612003EF0F2 /* CoreGraphics.framework */; };
		8B4EF77418E1C612003EF0F2 /* UIKit.framework in Frameworks */ = {isa = PBXBuildFile; fileRef = 8B4EF77318E1C612003EF0F2 /* UIKit.framework */; };
		8B4EF77618E1C612003EF0F2 /* SpriteKit.framework in Frameworks */ = {isa = PBXBuildFile; fileRef = 8B4EF77518E1C612003EF0F2 /* SpriteKit.framework */; };
		8B4EF77C18E1C612003EF0F2 /* InfoPlist.strings in Resources */ = {isa = PBXBuildFile; fileRef = 8B4EF77A18E1C612003EF0F2 /* InfoPlist.strings */; };
		8B4EF77E18E1C612003EF0F2 /* main.m in Sources */ = {isa = PBXBuildFile; fileRef = 8B4EF77D18E1C612003EF0F2 /* main.m */; };
		8B4EF78218E1C612003EF0F2 /* AppDelegate.m in Sources */ = {isa = PBXBuildFile; fileRef = 8B4EF78118E1C612003EF0F2 /* AppDelegate.m */; };
		8B4EF78518E1C612003EF0F2 /* Main.storyboard in Resources */ = {isa = PBXBuildFile; fileRef = 8B4EF78318E1C612003EF0F2 /* Main.storyboard */; };
		8B4EF78818E1C612003EF0F2 /* ViewController.m in Sources */ = {isa = PBXBuildFile; fileRef = 8B4EF78718E1C612003EF0F2 /* ViewController.m */; };
		8B4EF78B18E1C612003EF0F2 /* MyScene.m in Sources */ = {isa = PBXBuildFile; fileRef = 8B4EF78A18E1C612003EF0F2 /* MyScene.m */; };
		8B4EF78D18E1C612003EF0F2 /* Spaceship.png in Resources */ = {isa = PBXBuildFile; fileRef = 8B4EF78C18E1C612003EF0F2 /* Spaceship.png */; };
		8B4EF78F18E1C612003EF0F2 /* Images.xcassets in Resources */ = {isa = PBXBuildFile; fileRef = 8B4EF78E18E1C612003EF0F2 /* Images.xcassets */; };
		8B4EF79618E1C612003EF0F2 /* XCTest.framework in Frameworks */ = {isa = PBXBuildFile; fileRef = 8B4EF79518E1C612003EF0F2 /* XCTest.framework */; };
		8B4EF79718E1C612003EF0F2 /* Foundation.framework in Frameworks */ = {isa = PBXBuildFile; fileRef = 8B4EF76F18E1C612003EF0F2 /* Foundation.framework */; };
		8B4EF79818E1C612003EF0F2 /* UIKit.framework in Frameworks */ = {isa = PBXBuildFile; fileRef = 8B4EF77318E1C612003EF0F2 /* UIKit.framework */; };
		8B4EF7A018E1C612003EF0F2 /* InfoPlist.strings in Resources */ = {isa = PBXBuildFile; fileRef = 8B4EF79E18E1C612003EF0F2 /* InfoPlist.strings */; };
		8B4EF7A218E1C612003EF0F2 /* SpriteKitPhysicsTestTests.m in Sources */ = {isa = PBXBuildFile; fileRef = 8B4EF7A118E1C612003EF0F2 /* SpriteKitPhysicsTestTests.m */; };
		8B4EF7B118E1CBB7003EF0F2 /* circle.png in Resources */ = {isa = PBXBuildFile; fileRef = 8B4EF7AC18E1CBB7003EF0F2 /* circle.png */; };
		8B4EF7B218E1CBB7003EF0F2 /* octagon.png in Resources */ = {isa = PBXBuildFile; fileRef = 8B4EF7AD18E1CBB7003EF0F2 /* octagon.png */; };
		8B4EF7B318E1CBB7003EF0F2 /* sand.png in Resources */ = {isa = PBXBuildFile; fileRef = 8B4EF7AE18E1CBB7003EF0F2 /* sand.png */; };
		8B4EF7B418E1CBB7003EF0F2 /* square.png in Resources */ = {isa = PBXBuildFile; fileRef = 8B4EF7AF18E1CBB7003EF0F2 /* square.png */; };
		8B4EF7B518E1CBB7003EF0F2 /* triangle.png in Resources */ = {isa = PBXBuildFile; fileRef = 8B4EF7B018E1CBB7003EF0F2 /* triangle.png */; };
/* End PBXBuildFile section */

/* Begin PBXContainerItemProxy section */
		8B4EF79918E1C612003EF0F2 /* PBXContainerItemProxy */ = {
			isa = PBXContainerItemProxy;
			containerPortal = 8B4EF76418E1C612003EF0F2 /* Project object */;
			proxyType = 1;
			remoteGlobalIDString = 8B4EF76B18E1C612003EF0F2;
			remoteInfo = SpriteKitPhysicsTest;
		};
/* End PBXContainerItemProxy section */

/* Begin PBXFileReference section */
		8B4EF76C18E1C612003EF0F2 /* SpriteKitPhysicsTest.app */ = {isa = PBXFileReference; explicitFileType = wrapper.application; includeInIndex = 0; path = SpriteKitPhysicsTest.app; sourceTree = BUILT_PRODUCTS_DIR; };
		8B4EF76F18E1C612003EF0F2 /* Foundation.framework */ = {isa = PBXFileReference; lastKnownFileType = wrapper.framework; name = Foundation.framework; path = System/Library/Frameworks/Foundation.framework; sourceTree = SDKROOT; };
		8B4EF77118E1C612003EF0F2 /* CoreGraphics.framework */ = {isa = PBXFileReference; lastKnownFileType = wrapper.framework; name = CoreGraphics.framework; path = System/Library/Frameworks/CoreGraphics.framework; sourceTree = SDKROOT; };
		8B4EF77318E1C612003EF0F2 /* UIKit.framework */ = {isa = PBXFileReference; lastKnownFileType = wrapper.framework; name = UIKit.framework; path = System/Library/Frameworks/UIKit.framework; sourceTree = SDKROOT; };
		8B4EF77518E1C612003EF0F2 /* SpriteKit.framework */ = {isa = PBXFileReference; lastKnownFileType = wrapper.framework; name = SpriteKit.framework; path = System/Library/Frameworks/SpriteKit.framework; sourceTree = SDKROOT; };
		8B4EF77918E1C612003EF0F2 /* SpriteKitPhysicsTest-Info.plist */ = {isa = PBXFileReference; lastKnownFileType = text.plist.xml; path = "SpriteKitPhysicsTest-Info.plist"; sourceTree = "<group>"; };
		8B4EF77B18E1C612003EF0F2 /* en */ = {isa = PBXFileReference; lastKnownFileType = text.plist.strings; name = en; path = en.lproj/InfoPlist.strings; sourceTree = "<group>"; };
		8B4EF77D18E1C612003EF0F2 /* main.m */ = {isa = PBXFileReference; lastKnownFileType = sourcecode.c.objc; path = main.m; sourceTree = "<group>"; };
		8B4EF77F18E1C612003EF0F2 /* SpriteKitPhysicsTest-Prefix.pch */ = {isa = PBXFileReference; lastKnownFileType = sourcecode.c.h; path = "SpriteKitPhysicsTest-Prefix.pch"; sourceTree = "<group>"; };
		8B4EF78018E1C612003EF0F2 /* AppDelegate.h */ = {isa = PBXFileReference; lastKnownFileType = sourcecode.c.h; path = AppDelegate.h; sourceTree = "<group>"; };
		8B4EF78118E1C612003EF0F2 /* AppDelegate.m */ = {isa = PBXFileReference; lastKnownFileType = sourcecode.c.objc; path = AppDelegate.m; sourceTree = "<group>"; };
		8B4EF78418E1C612003EF0F2 /* Base */ = {isa = PBXFileReference; lastKnownFileType = file.storyboard; name = Base; path = Base.lproj/Main.storyboard; sourceTree = "<group>"; };
		8B4EF78618E1C612003EF0F2 /* ViewController.h */ = {isa = PBXFileReference; lastKnownFileType = sourcecode.c.h; path = ViewController.h; sourceTree = "<group>"; };
		8B4EF78718E1C612003EF0F2 /* ViewController.m */ = {isa = PBXFileReference; lastKnownFileType = sourcecode.c.objc; path = ViewController.m; sourceTree = "<group>"; };
		8B4EF78918E1C612003EF0F2 /* MyScene.h */ = {isa = PBXFileReference; lastKnownFileType = sourcecode.c.h; path = MyScene.h; sourceTree = "<group>"; };
		8B4EF78A18E1C612003EF0F2 /* MyScene.m */ = {isa = PBXFileReference; lastKnownFileType = sourcecode.c.objc; path = MyScene.m; sourceTree = "<group>"; };
		8B4EF78C18E1C612003EF0F2 /* Spaceship.png */ = {isa = PBXFileReference; lastKnownFileType = image.png; path = Spaceship.png; sourceTree = "<group>"; };
		8B4EF78E18E1C612003EF0F2 /* Images.xcassets */ = {isa = PBXFileReference; lastKnownFileType = folder.assetcatalog; path = Images.xcassets; sourceTree = "<group>"; };
		8B4EF79418E1C612003EF0F2 /* SpriteKitPhysicsTestTests.xctest */ = {isa = PBXFileReference; explicitFileType = wrapper.cfbundle; includeInIndex = 0; path = SpriteKitPhysicsTestTests.xctest; sourceTree = BUILT_PRODUCTS_DIR; };
		8B4EF79518E1C612003EF0F2 /* XCTest.framework */ = {isa = PBXFileReference; lastKnownFileType = wrapper.framework; name = XCTest.framework; path = Library/Frameworks/XCTest.framework; sourceTree = DEVELOPER_DIR; };
		8B4EF79D18E1C612003EF0F2 /* SpriteKitPhysicsTestTests-Info.plist */ = {isa = PBXFileReference; lastKnownFileType = text.plist.xml; path = "SpriteKitPhysicsTestTests-Info.plist"; sourceTree = "<group>"; };
		8B4EF79F18E1C612003EF0F2 /* en */ = {isa = PBXFileReference; lastKnownFileType = text.plist.strings; name = en; path = en.lproj/InfoPlist.strings; sourceTree = "<group>"; };
		8B4EF7A118E1C612003EF0F2 /* SpriteKitPhysicsTestTests.m */ = {isa = PBXFileReference; lastKnownFileType = sourcecode.c.objc; path = SpriteKitPhysicsTestTests.m; sourceTree = "<group>"; };
		8B4EF7AC18E1CBB7003EF0F2 /* circle.png */ = {isa = PBXFileReference; lastKnownFileType = image.png; path = circle.png; sourceTree = "<group>"; };
		8B4EF7AD18E1CBB7003EF0F2 /* octagon.png */ = {isa = PBXFileReference; lastKnownFileType = image.png; path = octagon.png; sourceTree = "<group>"; };
		8B4EF7AE18E1CBB7003EF0F2 /* sand.png */ = {isa = PBXFileReference; lastKnownFileType = image.png; path = sand.png; sourceTree = "<group>"; };
		8B4EF7AF18E1CBB7003EF0F2 /* square.png */ = {isa = PBXFileReference; lastKnownFileType = image.png; path = square.png; sourceTree = "<group>"; };
		8B4EF7B018E1CBB7003EF0F2 /* triangle.png */ = {isa = PBXFileReference; lastKnownFileType = image.png; path = triangle.png; sourceTree = "<group>"; };
/* End PBXFileReference section */

/* Begin PBXFrameworksBuildPhase section */
		8B4EF76918E1C612003EF0F2 /* Frameworks */ = {
			isa = PBXFrameworksBuildPhase;
			buildActionMask = 2147483647;
			files = (
				8B4EF77218E1C612003EF0F2 /* CoreGraphics.framework in Frameworks */,
				8B4EF77418E1C612003EF0F2 /* UIKit.framework in Frameworks */,
				8B4EF77618E1C612003EF0F2 /* SpriteKit.framework in Frameworks */,
				8B4EF77018E1C612003EF0F2 /* Foundation.framework in Frameworks */,
			);
			runOnlyForDeploymentPostprocessing = 0;
		};
		8B4EF79118E1C612003EF0F2 /* Frameworks */ = {
			isa = PBXFrameworksBuildPhase;
			buildActionMask = 2147483647;
			files = (
				8B4EF79618E1C612003EF0F2 /* XCTest.framework in Frameworks */,
				8B4EF79818E1C612003EF0F2 /* UIKit.framework in Frameworks */,
				8B4EF79718E1C612003EF0F2 /* Foundation.framework in Frameworks */,
			);
			runOnlyForDeploymentPostprocessing = 0;
		};
/* End PBXFrameworksBuildPhase section */

/* Begin PBXGroup section */
		8B4EF76318E1C612003EF0F2 = {
			isa = PBXGroup;
			children = (
				8B4EF77718E1C612003EF0F2 /* SpriteKitPhysicsTest */,
				8B4EF79B18E1C612003EF0F2 /* SpriteKitPhysicsTestTests */,
				8B4EF76E18E1C612003EF0F2 /* Frameworks */,
				8B4EF76D18E1C612003EF0F2 /* Products */,
			);
			sourceTree = "<group>";
		};
		8B4EF76D18E1C612003EF0F2 /* Products */ = {
			isa = PBXGroup;
			children = (
				8B4EF76C18E1C612003EF0F2 /* SpriteKitPhysicsTest.app */,
				8B4EF79418E1C612003EF0F2 /* SpriteKitPhysicsTestTests.xctest */,
			);
			name = Products;
			sourceTree = "<group>";
		};
		8B4EF76E18E1C612003EF0F2 /* Frameworks */ = {
			isa = PBXGroup;
			children = (
				8B4EF76F18E1C612003EF0F2 /* Foundation.framework */,
				8B4EF77118E1C612003EF0F2 /* CoreGraphics.framework */,
				8B4EF77318E1C612003EF0F2 /* UIKit.framework */,
				8B4EF77518E1C612003EF0F2 /* SpriteKit.framework */,
				8B4EF79518E1C612003EF0F2 /* XCTest.framework */,
			);
			name = Frameworks;
			sourceTree = "<group>";
		};
		8B4EF77718E1C612003EF0F2 /* SpriteKitPhysicsTest */ = {
			isa = PBXGroup;
			children = (
				8B4EF78018E1C612003EF0F2 /* AppDelegate.h */,
				8B4EF78118E1C612003EF0F2 /* AppDelegate.m */,
				8B4EF78318E1C612003EF0F2 /* Main.storyboard */,
				8B4EF78618E1C612003EF0F2 /* ViewController.h */,
				8B4EF78718E1C612003EF0F2 /* ViewController.m */,
				8B4EF78918E1C612003EF0F2 /* MyScene.h */,
				8B4EF78A18E1C612003EF0F2 /* MyScene.m */,
				8B4EF78C18E1C612003EF0F2 /* Spaceship.png */,
				8B4EF7AB18E1CBB7003EF0F2 /* Shapes */,
				8B4EF78E18E1C612003EF0F2 /* Images.xcassets */,
				8B4EF77818E1C612003EF0F2 /* Supporting Files */,
			);
			path = SpriteKitPhysicsTest;
			sourceTree = "<group>";
		};
		8B4EF77818E1C612003EF0F2 /* Supporting Files */ = {
			isa = PBXGroup;
			children = (
				8B4EF77918E1C612003EF0F2 /* SpriteKitPhysicsTest-Info.plist */,
				8B4EF77A18E1C612003EF0F2 /* InfoPlist.strings */,
				8B4EF77D18E1C612003EF0F2 /* main.m */,
				8B4EF77F18E1C612003EF0F2 /* SpriteKitPhysicsTest-Prefix.pch */,
			);
			name = "Supporting Files";
			sourceTree = "<group>";
		};
		8B4EF79B18E1C612003EF0F2 /* SpriteKitPhysicsTestTests */ = {
			isa = PBXGroup;
			children = (
				8B4EF7A118E1C612003EF0F2 /* SpriteKitPhysicsTestTests.m */,
				8B4EF79C18E1C612003EF0F2 /* Supporting Files */,
			);
			path = SpriteKitPhysicsTestTests;
			sourceTree = "<group>";
		};
		8B4EF79C18E1C612003EF0F2 /* Supporting Files */ = {
			isa = PBXGroup;
			children = (
				8B4EF79D18E1C612003EF0F2 /* SpriteKitPhysicsTestTests-Info.plist */,
				8B4EF79E18E1C612003EF0F2 /* InfoPlist.strings */,
			);
			name = "Supporting Files";
			sourceTree = "<group>";
		};
		8B4EF7AB18E1CBB7003EF0F2 /* Shapes */ = {
			isa = PBXGroup;
			children = (
				8B4EF7AC18E1CBB7003EF0F2 /* circle.png */,
				8B4EF7AD18E1CBB7003EF0F2 /* octagon.png */,
				8B4EF7AE18E1CBB7003EF0F2 /* sand.png */,
				8B4EF7AF18E1CBB7003EF0F2 /* square.png */,
				8B4EF7B018E1CBB7003EF0F2 /* triangle.png */,
			);
			path = Shapes;
			sourceTree = "<group>";
		};
/* End PBXGroup section */

/* Begin PBXNativeTarget section */
		8B4EF76B18E1C612003EF0F2 /* SpriteKitPhysicsTest */ = {
			isa = PBXNativeTarget;
			buildConfigurationList = 8B4EF7A518E1C612003EF0F2 /* Build configuration list for PBXNativeTarget "SpriteKitPhysicsTest" */;
			buildPhases = (
				8B4EF76818E1C612003EF0F2 /* Sources */,
				8B4EF76918E1C612003EF0F2 /* Frameworks */,
				8B4EF76A18E1C612003EF0F2 /* Resources */,
			);
			buildRules = (
			);
			dependencies = (
			);
			name = SpriteKitPhysicsTest;
			productName = SpriteKitPhysicsTest;
			productReference = 8B4EF76C18E1C612003EF0F2 /* SpriteKitPhysicsTest.app */;
			productType = "com.apple.product-type.application";
		};
		8B4EF79318E1C612003EF0F2 /* SpriteKitPhysicsTestTests */ = {
			isa = PBXNativeTarget;
			buildConfigurationList = 8B4EF7A818E1C612003EF0F2 /* Build configuration list for PBXNativeTarget "SpriteKitPhysicsTestTests" */;
			buildPhases = (
				8B4EF79018E1C612003EF0F2 /* Sources */,
				8B4EF79118E1C612003EF0F2 /* Frameworks */,
				8B4EF79218E1C612003EF0F2 /* Resources */,
			);
			buildRules = (
			);
			dependencies = (
				8B4EF79A18E1C612003EF0F2 /* PBXTargetDependency */,
			);
			name = SpriteKitPhysicsTestTests;
			productName = SpriteKitPhysicsTestTests;
			productReference = 8B4EF79418E1C612003EF0F2 /* SpriteKitPhysicsTestTests.xctest */;
			productType = "com.apple.product-type.bundle.unit-test";
		};
/* End PBXNativeTarget section */

/* Begin PBXProject section */
		8B4EF76418E1C612003EF0F2 /* Project object */ = {
			isa = PBXProject;
			attributes = {
				LastUpgradeCheck = 0510;
				ORGANIZATIONNAME = "Jasmine Wright";
				TargetAttributes = {
					8B4EF79318E1C612003EF0F2 = {
						TestTargetID = 8B4EF76B18E1C612003EF0F2;
					};
				};
			};
			buildConfigurationList = 8B4EF76718E1C612003EF0F2 /* Build configuration list for PBXProject "SpriteKitPhysicsTest" */;
			compatibilityVersion = "Xcode 3.2";
			developmentRegion = English;
			hasScannedForEncodings = 0;
			knownRegions = (
				en,
				Base,
			);
			mainGroup = 8B4EF76318E1C612003EF0F2;
			productRefGroup = 8B4EF76D18E1C612003EF0F2 /* Products */;
			projectDirPath = "";
			projectRoot = "";
			targets = (
				8B4EF76B18E1C612003EF0F2 /* SpriteKitPhysicsTest */,
				8B4EF79318E1C612003EF0F2 /* SpriteKitPhysicsTestTests */,
			);
		};
/* End PBXProject section */

/* Begin PBXResourcesBuildPhase section */
		8B4EF76A18E1C612003EF0F2 /* Resources */ = {
			isa = PBXResourcesBuildPhase;
			buildActionMask = 2147483647;
			files = (
				8B4EF77C18E1C612003EF0F2 /* InfoPlist.strings in Resources */,
				8B4EF78F18E1C612003EF0F2 /* Images.xcassets in Resources */,
				8B4EF7B318E1CBB7003EF0F2 /* sand.png in Resources */,
				8B4EF7B118E1CBB7003EF0F2 /* circle.png in Resources */,
				8B4EF7B518E1CBB7003EF0F2 /* triangle.png in Resources */,
				8B4EF7B218E1CBB7003EF0F2 /* octagon.png in Resources */,
				8B4EF78D18E1C612003EF0F2 /* Spaceship.png in Resources */,
				8B4EF7B418E1CBB7003EF0F2 /* square.png in Resources */,
				8B4EF78518E1C612003EF0F2 /* Main.storyboard in Resources */,
			);
			runOnlyForDeploymentPostprocessing = 0;
		};
		8B4EF79218E1C612003EF0F2 /* Resources */ = {
			isa = PBXResourcesBuildPhase;
			buildActionMask = 2147483647;
			files = (
				8B4EF7A018E1C612003EF0F2 /* InfoPlist.strings in Resources */,
			);
			runOnlyForDeploymentPostprocessing = 0;
		};
/* End PBXResourcesBuildPhase section */

/* Begin PBXSourcesBuildPhase section */
		8B4EF76818E1C612003EF0F2 /* Sources */ = {
			isa = PBXSourcesBuildPhase;
			buildActionMask = 2147483647;
			files = (
				8B4EF78B18E1C612003EF0F2 /* MyScene.m in Sources */,
				8B4EF78818E1C612003EF0F2 /* ViewController.m in Sources */,
				8B4EF78218E1C612003EF0F2 /* AppDelegate.m in Sources */,
				8B4EF77E18E1C612003EF0F2 /* main.m in Sources */,
			);
			runOnlyForDeploymentPostprocessing = 0;
		};
		8B4EF79018E1C612003EF0F2 /* Sources */ = {
			isa = PBXSourcesBuildPhase;
			buildActionMask = 2147483647;
			files = (
				8B4EF7A218E1C612003EF0F2 /* SpriteKitPhysicsTestTests.m in Sources */,
			);
			runOnlyForDeploymentPostprocessing = 0;
		};
/* End PBXSourcesBuildPhase section */

/* Begin PBXTargetDependency section */
		8B4EF79A18E1C612003EF0F2 /* PBXTargetDependency */ = {
			isa = PBXTargetDependency;
			target = 8B4EF76B18E1C612003EF0F2 /* SpriteKitPhysicsTest */;
			targetProxy = 8B4EF79918E1C612003EF0F2 /* PBXContainerItemProxy */;
		};
/* End PBXTargetDependency section */

/* Begin PBXVariantGroup section */
		8B4EF77A18E1C612003EF0F2 /* InfoPlist.strings */ = {
			isa = PBXVariantGroup;
			children = (
				8B4EF77B18E1C612003EF0F2 /* en */,
			);
			name = InfoPlist.strings;
			sourceTree = "<group>";
		};
		8B4EF78318E1C612003EF0F2 /* Main.storyboard */ = {
			isa = PBXVariantGroup;
			children = (
				8B4EF78418E1C612003EF0F2 /* Base */,
			);
			name = Main.storyboard;
			sourceTree = "<group>";
		};
		8B4EF79E18E1C612003EF0F2 /* InfoPlist.strings */ = {
			isa = PBXVariantGroup;
			children = (
				8B4EF79F18E1C612003EF0F2 /* en */,
			);
			name = InfoPlist.strings;
			sourceTree = "<group>";
		};
/* End PBXVariantGroup section */

/* Begin XCBuildConfiguration section */
		8B4EF7A318E1C612003EF0F2 /* Debug */ = {
			isa = XCBuildConfiguration;
			buildSettings = {
				ALWAYS_SEARCH_USER_PATHS = NO;
				CLANG_CXX_LANGUAGE_STANDARD = "gnu++0x";
				CLANG_CXX_LIBRARY = "libc++";
				CLANG_ENABLE_MODULES = YES;
				CLANG_ENABLE_OBJC_ARC = YES;
				CLANG_WARN_BOOL_CONVERSION = YES;
				CLANG_WARN_CONSTANT_CONVERSION = YES;
				CLANG_WARN_DIRECT_OBJC_ISA_USAGE = YES_ERROR;
				CLANG_WARN_EMPTY_BODY = YES;
				CLANG_WARN_ENUM_CONVERSION = YES;
				CLANG_WARN_INT_CONVERSION = YES;
				CLANG_WARN_OBJC_ROOT_CLASS = YES_ERROR;
				CLANG_WARN__DUPLICATE_METHOD_MATCH = YES;
				"CODE_SIGN_IDENTITY[sdk=iphoneos*]" = "iPhone Developer";
				COPY_PHASE_STRIP = NO;
				GCC_C_LANGUAGE_STANDARD = gnu99;
				GCC_DYNAMIC_NO_PIC = NO;
				GCC_OPTIMIZATION_LEVEL = 0;
				GCC_PREPROCESSOR_DEFINITIONS = (
					"DEBUG=1",
					"$(inherited)",
				);
				GCC_SYMBOLS_PRIVATE_EXTERN = NO;
				GCC_WARN_64_TO_32_BIT_CONVERSION = YES;
				GCC_WARN_ABOUT_RETURN_TYPE = YES_ERROR;
				GCC_WARN_UNDECLARED_SELECTOR = YES;
				GCC_WARN_UNINITIALIZED_AUTOS = YES_AGGRESSIVE;
				GCC_WARN_UNUSED_FUNCTION = YES;
				GCC_WARN_UNUSED_VARIABLE = YES;
				IPHONEOS_DEPLOYMENT_TARGET = 7.1;
				ONLY_ACTIVE_ARCH = YES;
				SDKROOT = iphoneos;
			};
			name = Debug;
		};
		8B4EF7A418E1C612003EF0F2 /* Release */ = {
			isa = XCBuildConfiguration;
			buildSettings = {
				ALWAYS_SEARCH_USER_PATHS = NO;
				CLANG_CXX_LANGUAGE_STANDARD = "gnu++0x";
				CLANG_CXX_LIBRARY = "libc++";
				CLANG_ENABLE_MODULES = YES;
				CLANG_ENABLE_OBJC_ARC = YES;
				CLANG_WARN_BOOL_CONVERSION = YES;
				CLANG_WARN_CONSTANT_CONVERSION = YES;
				CLANG_WARN_DIRECT_OBJC_ISA_USAGE = YES_ERROR;
				CLANG_WARN_EMPTY_BODY = YES;
				CLANG_WARN_ENUM_CONVERSION = YES;
				CLANG_WARN_INT_CONVERSION = YES;
				CLANG_WARN_OBJC_ROOT_CLASS = YES_ERROR;
				CLANG_WARN__DUPLICATE_METHOD_MATCH = YES;
				"CODE_SIGN_IDENTITY[sdk=iphoneos*]" = "iPhone Developer";
				COPY_PHASE_STRIP = YES;
				ENABLE_NS_ASSERTIONS = NO;
				GCC_C_LANGUAGE_STANDARD = gnu99;
				GCC_WARN_64_TO_32_BIT_CONVERSION = YES;
				GCC_WARN_ABOUT_RETURN_TYPE = YES_ERROR;
				GCC_WARN_UNDECLARED_SELECTOR = YES;
				GCC_WARN_UNINITIALIZED_AUTOS = YES_AGGRESSIVE;
				GCC_WARN_UNUSED_FUNCTION = YES;
				GCC_WARN_UNUSED_VARIABLE = YES;
				IPHONEOS_DEPLOYMENT_TARGET = 7.1;
				SDKROOT = iphoneos;
				VALIDATE_PRODUCT = YES;
			};
			name = Release;
		};
		8B4EF7A618E1C612003EF0F2 /* Debug */ = {
			isa = XCBuildConfiguration;
			buildSettings = {
				ASSETCATALOG_COMPILER_APPICON_NAME = AppIcon;
				ASSETCATALOG_COMPILER_LAUNCHIMAGE_NAME = LaunchImage;
				GCC_PRECOMPILE_PREFIX_HEADER = YES;
				GCC_PREFIX_HEADER = "SpriteKitPhysicsTest/SpriteKitPhysicsTest-Prefix.pch";
				INFOPLIST_FILE = "SpriteKitPhysicsTest/SpriteKitPhysicsTest-Info.plist";
				PRODUCT_NAME = "$(TARGET_NAME)";
				SPRITEKIT_TEXTURE_ATLAS_OUTPUT = YES;
				WRAPPER_EXTENSION = app;
			};
			name = Debug;
		};
		8B4EF7A718E1C612003EF0F2 /* Release */ = {
			isa = XCBuildConfiguration;
			buildSettings = {
				ASSETCATALOG_COMPILER_APPICON_NAME = AppIcon;
				ASSETCATALOG_COMPILER_LAUNCHIMAGE_NAME = LaunchImage;
				GCC_PRECOMPILE_PREFIX_HEADER = YES;
				GCC_PREFIX_HEADER = "SpriteKitPhysicsTest/SpriteKitPhysicsTest-Prefix.pch";
				INFOPLIST_FILE = "SpriteKitPhysicsTest/SpriteKitPhysicsTest-Info.plist";
				PRODUCT_NAME = "$(TARGET_NAME)";
				SPRITEKIT_TEXTURE_ATLAS_OUTPUT = YES;
				WRAPPER_EXTENSION = app;
			};
			name = Release;
		};
		8B4EF7A918E1C612003EF0F2 /* Debug */ = {
			isa = XCBuildConfiguration;
			buildSettings = {
				BUNDLE_LOADER = "$(BUILT_PRODUCTS_DIR)/SpriteKitPhysicsTest.app/SpriteKitPhysicsTest";
				FRAMEWORK_SEARCH_PATHS = (
					"$(SDKROOT)/Developer/Library/Frameworks",
					"$(inherited)",
					"$(DEVELOPER_FRAMEWORKS_DIR)",
				);
				GCC_PRECOMPILE_PREFIX_HEADER = YES;
				GCC_PREFIX_HEADER = "SpriteKitPhysicsTest/SpriteKitPhysicsTest-Prefix.pch";
				GCC_PREPROCESSOR_DEFINITIONS = (
					"DEBUG=1",
					"$(inherited)",
				);
				INFOPLIST_FILE = "SpriteKitPhysicsTestTests/SpriteKitPhysicsTestTests-Info.plist";
				PRODUCT_NAME = "$(TARGET_NAME)";
				TEST_HOST = "$(BUNDLE_LOADER)";
				WRAPPER_EXTENSION = xctest;
			};
			name = Debug;
		};
		8B4EF7AA18E1C612003EF0F2 /* Release */ = {
			isa = XCBuildConfiguration;
			buildSettings = {
				BUNDLE_LOADER = "$(BUILT_PRODUCTS_DIR)/SpriteKitPhysicsTest.app/SpriteKitPhysicsTest";
				FRAMEWORK_SEARCH_PATHS = (
					"$(SDKROOT)/Developer/Library/Frameworks",
					"$(inherited)",
					"$(DEVELOPER_FRAMEWORKS_DIR)",
				);
				GCC_PRECOMPILE_PREFIX_HEADER = YES;
				GCC_PREFIX_HEADER = "SpriteKitPhysicsTest/SpriteKitPhysicsTest-Prefix.pch";
				INFOPLIST_FILE = "SpriteKitPhysicsTestTests/SpriteKitPhysicsTestTests-Info.plist";
				PRODUCT_NAME = "$(TARGET_NAME)";
				TEST_HOST = "$(BUNDLE_LOADER)";
				WRAPPER_EXTENSION = xctest;
			};
			name = Release;
		};
/* End XCBuildConfiguration section */

/* Begin XCConfigurationList section */
		8B4EF76718E1C612003EF0F2 /* Build configuration list for PBXProject "SpriteKitPhysicsTest" */ = {
			isa = XCConfigurationList;
			buildConfigurations = (
				8B4EF7A318E1C612003EF0F2 /* Debug */,
				8B4EF7A418E1C612003EF0F2 /* Release */,
			);
			defaultConfigurationIsVisible = 0;
			defaultConfigurationName = Release;
		};
		8B4EF7A518E1C612003EF0F2 /* Build configuration list for PBXNativeTarget "SpriteKitPhysicsTest" */ = {
			isa = XCConfigurationList;
			buildConfigurations = (
				8B4EF7A618E1C612003EF0F2 /* Debug */,
				8B4EF7A718E1C612003EF0F2 /* Release */,
			);
			defaultConfigurationIsVisible = 0;
		};
		8B4EF7A818E1C612003EF0F2 /* Build configuration list for PBXNativeTarget "SpriteKitPhysicsTestTests" */ = {
			isa = XCConfigurationList;
			buildConfigurations = (
				8B4EF7A918E1C612003EF0F2 /* Debug */,
				8B4EF7AA18E1C612003EF0F2 /* Release */,
			);
			defaultConfigurationIsVisible = 0;
		};
/* End XCConfigurationList section */
	};
	rootObject = 8B4EF76418E1C612003EF0F2 /* Project object */;
}
